{
  "version": 1,
  "dependencies": {
    "net10.0-windows7.0": {
      "Microsoft.Extensions.Hosting": {
        "type": "Direct",
        "requested": "[10.0.11, )",
        "resolved": "10.0.11",
        "contentHash": "eIDa/Rl+93aj17gMlFsJJx+LhBvb3CP0Mu1PeVYkDp2Y3S4Jock8UynfGQEcx7lrlq+gKW+ECQJHbro/LTPDEQ==",
        "dependencies": {
          "Microsoft.Extensions.Configuration": "10.0.11",
          "Microsoft.Extensions.Configuration.Abstractions": "10.0.11",
          "Microsoft.Extensions.Configuration.Binder": "10.0.11",
          "Microsoft.Extensions.Configuration.CommandLine": "10.0.11",
          "Microsoft.Extensions.Configuration.EnvironmentVariables": "10.0.11",
          "Microsoft.Extensions.Configuration.FileExtensions": "10.0.11",
          "Microsoft.Extensions.Configuration.Json": "10.0.11",
          "Microsoft.Extensions.Configuration.UserSecrets": "10.0.11",
          "Microsoft.Extensions.DependencyInjection": "10.0.11",
          "Microsoft.Extensions.DependencyInjection.Abstractions": "10.0.11",
          "Microsoft.Extensions.Diagnostics": "10.0.11",
          "Microsoft.Extensions.FileProviders.Abstractions": "10.0.11",
          "Microsoft.Extensions.FileProviders.Physical": "10.0.11",
          "Microsoft.Extensions.Hosting.Abstractions": "10.0.11",
          "Microsoft.Extensions.Logging": "10.0.11",
          "Microsoft.Extensions.Logging.Abstractions": "10.0.11",
          "Microsoft.Extensions.Logging.Configuration": "10.0.11",
          "Microsoft.Extensions.Logging.Console": "10.0.11",
          "Microsoft.Extensions.Logging.Debug": "10.0.11",
          "Microsoft.Extensions.Logging.EventLog": "10.0.11",
          "Microsoft.Extensions.Logging.EventSource": "10.0.11",
          "Microsoft.Extensions.Options": "10.0.11"
        }
      },
      "Microsoft.NET.ILLink.Tasks": {
        "type": "Direct",
        "requested": "[10.0.10, )",
        "resolved": "10.0.10",
        "contentHash": "f5VCIE7AJpd5YvzNTeMGVzQIgyE9tX+AreTYwQF+REbu+DZo/2Ae+jNSwhPEYrVz6RRkd7y8ubXjk6Nn6Ka+Cg=="
      },
      "System.ServiceProcess.ServiceController": {
        "type": "Direct",
        "requested": "[10.0.11, )",
        "resolved": "10.0.11",
        "contentHash": "khROyIQ3GAZy5MbCabfmlbvxf9nuvdveFP2XbRCteZ9Lq8OFEvImmrjV6acl1LegRu/9T6VMxi9Lr+KZu29VHg==",
        "dependencies": {
          "System.Diagnostics.EventLog": "10.0.11"
        }
      },
      "Microsoft.Extensions.Configuration": {
        "type": "Transitive",
        "resolved": "10.0.11",
        "contentHash": "wlhRqZW8LcJPa+vk2oLAc/REXDItHtkFQdf/QcXYGZbZOO13izcsKY1pCvuFQYwUiZD+hwSZwsKASjqT+BNaVg==",
        "dependencies": {
          "Microsoft.Extensions.Configuration.Abstractions": "10.0.11",
          "Microsoft.Extensions.Primitives": "10.0.11"
        }
      },
      "Microsoft.Extensions.Configuration.Abstractions": {
        "type": "Transitive",
        "resolved": "10.0.11",
        "contentHash": "fVi053xdpda9Em7vSkmgVxO/PtgC2m78ekReKWsgcyskqY0U82Bz/MONwxpGzI0hElYKJfw+fupqMVeKW3fSaA==",
        "dependencies": {
          "Microsoft.Extensions.Primitives": "10.0.11"
        }
      },
      "Microsoft.Extensions.Configuration.Binder": {
        "type": "Transitive",
        "resolved": "10.0.11",
        "contentHash": "rFn8RuszZn3qquPVkDytMUlPc2+rXl9MCoygwc1XmAgC5vg5/oXJ8hkOosOrLoBLsqdTy4lFwP6iQdPS9uSYOA==",
        "dependencies": {
          "Microsoft.Extensions.Configuration": "10.0.11",
          "Microsoft.Extensions.Configuration.Abstractions": "10.0.11"
        }
      },
      "Microsoft.Extensions.Configuration.CommandLine": {
        "type": "Transitive",
        "resolved": "10.0.11",
        "contentHash": "1KHr/1L56llwQ/yI0tAisEA31UpPsn8aasjASIwELOaN4JIUcbjuQBMdFOIzfNBBeULoUa0XfBe5QDtRRUY+fg==",
        "dependencies": {
          "Microsoft.Extensions.Configuration": "10.0.11",
          "Microsoft.Extensions.Configuration.Abstractions": "10.0.11"
        }
      },
      "Microsoft.Extensions.Configuration.EnvironmentVariables": {
        "type": "Transitive",
        "resolved": "10.0.11",
        "contentHash": "KICyU3eVi5jvloKm01EXV69L97H/zkhISVtV98cIuzuFOxNx3xTUVcXqvWTz3aq7OvUuDB/MFlPFjmxRaKF7/A==",
        "dependencies": {
          "Microsoft.Extensions.Configuration": "10.0.11",
          "Microsoft.Extensions.Configuration.Abstractions": "10.0.11"
        }
      },
      "Microsoft.Extensions.Configuration.FileExtensions": {
        "type": "Transitive",
        "resolved": "10.0.11",
        "contentHash": "mDW7KVFB05M6jiRUyaZiOMWhS31n5HlSZwoYctHAZAucD4sMDJ70IxOmkGDt6RpstchD+keWBjhdzcMpSkWvWQ==",
        "dependencies": {
          "Microsoft.Extensions.Configuration": "10.0.11",
          "Microsoft.Extensions.Configuration.Abstractions": "10.0.11",
          "Microsoft.Extensions.FileProviders.Abstractions": "10.0.11",
          "Microsoft.Extensions.FileProviders.Physical": "10.0.11",
          "Microsoft.Extensions.Primitives": "10.0.11"
        }
      },
      "Microsoft.Extensions.Configuration.Json": {
        "type": "Transitive",
        "resolved": "10.0.11",
        "contentHash": "nSPrT8U/cNoB4coqkmnanAMK9PsL7lsjG+LLUKEwHRFwS6E78b8S1wdv/y88EOxBhasWov1rLd7RTHmmsYPOLg==",
        "dependencies": {
          "Microsoft.Extensions.Configuration": "10.0.11",
          "Microsoft.Extensions.Configuration.Abstractions": "10.0.11",
          "Microsoft.Extensions.Configuration.FileExtensions": "10.0.11",
          "Microsoft.Extensions.FileProviders.Abstractions": "10.0.11"
        }
      },
      "Microsoft.Extensions.Configuration.UserSecrets": {
        "type": "Transitive",
        "resolved": "10.0.11",
        "contentHash": "BRliLdUowglV8GS+J1G/QsSofCJYYFg3U8QZx0ACRn+a91az/Qnpy+h6PyHS94WgV2TSazX5D/cuuk6wnCJatw==",
        "dependencies": {
          "Microsoft.Extensions.Configuration.Abstractions": "10.0.11",
          "Microsoft.Extensions.Configuration.Json": "10.0.11",
          "Microsoft.Extensions.FileProviders.Abstractions": "10.0.11",
          "Microsoft.Extensions.FileProviders.Physical": "10.0.11"
        }
      },
      "Microsoft.Extensions.DependencyInjection": {
        "type": "Transitive",
        "resolved": "10.0.11",
        "contentHash": "PSmotV19c7E3lKed++uYo1kSiXFI+uTl37CBSrhq+CfLC3FCHjG7R91+xPnNehQfHS1b0Tzo/CCLPWH3qaEheg==",
        "dependencies": {
          "Microsoft.Extensions.DependencyInjection.Abstractions": "10.0.11"
        }
      },
      "Microsoft.Extensions.DependencyInjection.Abstractions": {
        "type": "Transitive",
        "resolved": "10.0.11",
        "contentHash": "/a1aJz4m7ylhEDf25ugQChLQoN5XwoGjWw/BoR/ZWWKsO1v4DdJElS1uyngahz4B/eOzjFk1KNTkarRLE5wsIg=="
      },
      "Microsoft.Extensions.Diagnostics": {
        "type": "Transitive",
        "resolved": "10.0.11",
        "contentHash": "HT70uGPxMLqqnOzKMcnQtDmeV4r0KHr4qVCLhP7SXil9jMEm8sQXwcybxVVFGXZJ1V44xV0mLqQ54aZbcR2OiQ==",
        "dependencies": {
          "Microsoft.Extensions.Configuration": "10.0.11",
          "Microsoft.Extensions.Diagnostics.Abstractions": "10.0.11",
          "Microsoft.Extensions.Options.ConfigurationExtensions": "10.0.11"
        }
      },
      "Microsoft.Extensions.Diagnostics.Abstractions": {
        "type": "Transitive",
        "resolved": "10.0.11",
        "contentHash": "se7Kx8QpJEt+nf26L4qIVAofGTDr1wbexxsh/Fm3Xc04xUkqUXK06KUS7FLwSQYSjqb7q9n+T7MEcXYBhI1Y5g==",
        "dependencies": {
          "Microsoft.Extensions.DependencyInjection.Abstractions": "10.0.11",
          "Microsoft.Extensions.Options": "10.0.11"
        }
      },
      "Microsoft.Extensions.FileProviders.Abstractions": {
        "type": "Transitive",
        "resolved": "10.0.11",
        "contentHash": "JOjac6SQQgZmdmB8WGEw61/7siqMZoWJMkmq2p1goJGxqI59lO6oB4bOl0jNsbaPBdYy5Mlkb+6U7T4+CjnD8Q==",
        "dependencies": {
          "Microsoft.Extensions.Primitives": "10.0.11"
        }
      },
      "Microsoft.Extensions.FileProviders.Physical": {
        "type": "Transitive",
        "resolved": "10.0.11",
        "contentHash": "Tq/UqMaczePv9yWwSsJZRgKtgA46djVR5xHj/lZBCueQ3ag8f9v5mu0EdhrNx7tXxNk+Y9OurG2oKuSKINjr0A==",
        "dependencies": {
          "Microsoft.Extensions.FileProviders.Abstractions": "10.0.11",
          "Microsoft.Extensions.FileSystemGlobbing": "10.0.11",
          "Microsoft.Extensions.Primitives": "10.0.11"
        }
      },
      "Microsoft.Extensions.FileSystemGlobbing": {
        "type": "Transitive",
        "resolved": "10.0.11",
        "contentHash": "2i6rtW/B5rCnWCnhdmWWEmaM9O0HD0zsPY9eRqa++y4tclI3Uw8zvGbBvhY/LjAdtf8gUHhUPcAWj3DRlWMXmQ=="
      },
      "Microsoft.Extensions.Hosting.Abstractions": {
        "type": "Transitive",
        "resolved": "10.0.11",
        "contentHash": "pwtpF7iF/NNaOBcX+pvMZ7y2+JAVbH5KkNrH9uMZtuVxVJsFTDiWiCR7Tk3HVptsAijaetipUZVRVK2LLq+nvA==",
        "dependencies": {
          "Microsoft.Extensions.Configuration.Abstractions": "10.0.11",
          "Microsoft.Extensions.DependencyInjection.Abstractions": "10.0.11",
          "Microsoft.Extensions.Diagnostics.Abstractions": "10.0.11",
          "Microsoft.Extensions.FileProviders.Abstractions": "10.0.11",
          "Microsoft.Extensions.Logging.Abstractions": "10.0.11"
        }
      },
      "Microsoft.Extensions.Http": {
        "type": "Transitive",
        "resolved": "10.0.11",
        "contentHash": "ujx8RvcKzkxPFBguwgiygbwWVHVK0P7HFlNJ6I0JBRb28tzwe42jixBoA+dGmqG9IHepPVcm04vv2IDnU93ekA==",
        "dependencies": {
          "Microsoft.Extensions.Configuration.Abstractions": "10.0.11",
          "Microsoft.Extensions.DependencyInjection.Abstractions": "10.0.11",
          "Microsoft.Extensions.Diagnostics": "10.0.11",
          "Microsoft.Extensions.Logging": "10.0.11",
          "Microsoft.Extensions.Logging.Abstractions": "10.0.11",
          "Microsoft.Extensions.Options": "10.0.11"
        }
      },
      "Microsoft.Extensions.Logging": {
        "type": "Transitive",
        "resolved": "10.0.11",
        "contentHash": "nUOJwgFkSiLHiVGFpU22pIJtuWYewuSYQ3JVuP/gdK8ASMT807Px+TYQiRWs6uSsOmoyFTaVCwKXTasczV6BpA==",
        "dependencies": {
          "Microsoft.Extensions.DependencyInjection": "10.0.11",
          "Microsoft.Extensions.Logging.Abstractions": "10.0.11",
          "Microsoft.Extensions.Options": "10.0.11"
        }
      },
      "Microsoft.Extensions.Logging.Abstractions": {
        "type": "Transitive",
        "resolved": "10.0.11",
        "contentHash": "Ljd0Uxoq5XpScD2Bg0nM/r3mwx7Ao5Uq24eo2ARxbGvqJ7Zht6rt2cJtwVRH4Cv+1ZVMdXz6TB43KbpmsxRrvQ==",
        "dependencies": {
          "Microsoft.Extensions.DependencyInjection.Abstractions": "10.0.11"
        }
      },
      "Microsoft.Extensions.Logging.Configuration": {
        "type": "Transitive",
        "resolved": "10.0.11",
        "contentHash": "S7LvLeVHKNPaY2NMyxW7c2TBGsLgxoSUBCV5Ev5iN8kgC7EPR2UB7eW7vHsElGMcIUDwRmoxLfvGDynCn3q6EA==",
        "dependencies": {
          "Microsoft.Extensions.Configuration": "10.0.11",
          "Microsoft.Extensions.Configuration.Abstractions": "10.0.11",
          "Microsoft.Extensions.Configuration.Binder": "10.0.11",
          "Microsoft.Extensions.DependencyInjection.Abstractions": "10.0.11",
          "Microsoft.Extensions.Logging": "10.0.11",
          "Microsoft.Extensions.Logging.Abstractions": "10.0.11",
          "Microsoft.Extensions.Options": "10.0.11",
          "Microsoft.Extensions.Options.ConfigurationExtensions": "10.0.11"
        }
      },
      "Microsoft.Extensions.Logging.Console": {
        "type": "Transitive",
        "resolved": "10.0.11",
        "contentHash": "dFc0yDudyD1iIg6z9XT7ofsT3hVO7Y4ylrxGHIVRR0GaZ4CUk4ujOrMoy7wWEdNHZhvJooySg6hZpOxyS8zEVA==",
        "dependencies": {
          "Microsoft.Extensions.DependencyInjection.Abstractions": "10.0.11",
          "Microsoft.Extensions.Logging": "10.0.11",
          "Microsoft.Extensions.Logging.Abstractions": "10.0.11",
          "Microsoft.Extensions.Logging.Configuration": "10.0.11",
          "Microsoft.Extensions.Options": "10.0.11"
        }
      },
      "Microsoft.Extensions.Logging.Debug": {
        "type": "Transitive",
        "resolved": "10.0.11",
        "contentHash": "wr+j1bjdFXhc8lKTLoq+RbwFM8M+orcMS9xrcqLmDGOxJcXpKizEeE5h6v/GKwCZV02FmhaA7OlNjoq072jZpQ==",
        "dependencies": {
          "Microsoft.Extensions.DependencyInjection.Abstractions": "10.0.11",
          "Microsoft.Extensions.Logging": "10.0.11",
          "Microsoft.Extensions.Logging.Abstractions": "10.0.11"
        }
      },
      "Microsoft.Extensions.Logging.EventLog": {
        "type": "Transitive",
        "resolved": "10.0.11",
        "contentHash": "Eck9GpCCpvZ3f6L7IUlN+mPtRVefnf7PsiIG5vi61QawPtLNCEAv2TPD/M3SojcU0PFaef+BxiVGPOShFHtDog==",
        "dependencies": {
          "Microsoft.Extensions.DependencyInjection.Abstractions": "10.0.11",
          "Microsoft.Extensions.Logging": "10.0.11",
          "Microsoft.Extensions.Logging.Abstractions": "10.0.11",
          "Microsoft.Extensions.Options": "10.0.11",
          "System.Diagnostics.EventLog": "10.0.11"
        }
      },
      "Microsoft.Extensions.Logging.EventSource": {
        "type": "Transitive",
        "resolved": "10.0.11",
        "contentHash": "hs6QWECLLohi2VKqUvSGRUvrg7eXR1DqKL95Jrtz3cdD2g2nBA+yJPdRQLZ7SLmnTZWycxfMDK2s0ho+rfst5w==",
        "dependencies": {
          "Microsoft.Extensions.DependencyInjection.Abstractions": "10.0.11",
          "Microsoft.Extensions.Logging": "10.0.11",
          "Microsoft.Extensions.Logging.Abstractions": "10.0.11",
          "Microsoft.Extensions.Options": "10.0.11",
          "Microsoft.Extensions.Primitives": "10.0.11"
        }
      },
      "Microsoft.Extensions.Options": {
        "type": "Transitive",
        "resolved": "10.0.11",
        "contentHash": "eY1GAKcTfD2maP27J84X9IovT3yjHJ2dVDzPmDg6/XqYvt3jMzJhtfQCLjG9pVsZGAd+8DQ2QrjaDcs2+VQLGw==",
        "dependencies": {
          "Microsoft.Extensions.DependencyInjection.Abstractions": "10.0.11",
          "Microsoft.Extensions.Primitives": "10.0.11"
        }
      },
      "Microsoft.Extensions.Options.ConfigurationExtensions": {
        "type": "Transitive",
        "resolved": "10.0.11",
        "contentHash": "syEhXQ/sEaSBFaqzlp9gDGHX/nk6gkQkh1sIUpBO1mlBj3Phu1rmb4ML1uCiyPW9N6Kxfxv3y5FGObC+bV01Qw==",
        "dependencies": {
          "Microsoft.Extensions.Configuration.Abstractions": "10.0.11",
          "Microsoft.Extensions.Configuration.Binder": "10.0.11",
          "Microsoft.Extensions.DependencyInjection.Abstractions": "10.0.11",
          "Microsoft.Extensions.Options": "10.0.11",
          "Microsoft.Extensions.Primitives": "10.0.11"
        }
      },
      "Microsoft.Extensions.Primitives": {
        "type": "Transitive",
        "resolved": "10.0.11",
        "contentHash": "SXcz+kF+4Oo9b1+55zntpJFYfwb1jw66ioxptyNOOTDc8g2FHnBFWjZpsWfCvZIhzr0x+4e2trVTs4OKwQfBtw=="
      },
      "runtime.android-arm.runtime.native.System.IO.Ports": {
        "type": "Transitive",
        "resolved": "10.0.11",
        "contentHash": "6V3MEIBgMbF/kwIkY1ibNZB/9E/PN5289IZGdVYJfgMvuQt43YLHFz4i4PBZZ8Jp0/Pii14cyUU88avLfEYLvw=="
      },
      "runtime.android-arm64.runtime.native.System.IO.Ports": {
        "type": "Transitive",
        "resolved": "10.0.11",
        "contentHash": "mxz0iV8Vzq/ljCsphMngnoC4tue88i433b5meMihkVdFY8eytNBbubkZLNipCvhNgLFSq1FJ/5gn4VZ3uHOIBA=="
      },
      "runtime.android-x64.runtime.native.System.IO.Ports": {
        "type": "Transitive",
        "resolved": "10.0.11",
        "contentHash": "cH7lMdDHZ2/oZC2vDZuCALZkpPz0iLcW0smMngk1fkT6f4yZf916xa0ajMefSFYwpbRVMZi2JK3SRU/jY+Wd6w=="
      },
      "runtime.android-x86.runtime.native.System.IO.Ports": {
        "type": "Transitive",
        "resolved": "10.0.11",
        "contentHash": "7WDZu2EC63A+/z+HCnRET/6vFjTg4UVWvX4BaTd7fdrVuTMZcpPf4SdNfsI3wbY+zSweJ+CbWkeC9yq2WXlQug=="
      },
      "runtime.linux-arm.runtime.native.System.IO.Ports": {
        "type": "Transitive",
        "resolved": "10.0.11",
        "contentHash": "sf18XX+0LXVZ4iS6YGOGVVFx8tUzXVLZGFcSjGvQWZNgVyQUwqJigNrULJ0mEn5mrF8FdPpvvsQoQ2oZ0GeNYw=="
      },
      "runtime.linux-arm64.runtime.native.System.IO.Ports": {
        "type": "Transitive",
        "resolved": "10.0.11",
        "contentHash": "YPdZrWEiyI5B9WpWJpy/aFueieCn19956AebWnvY8qmVbmrddgdIag7MYk3jxlUqFfzDbPGD4Bwxn3nPNj1PMA=="
      },
      "runtime.linux-bionic-arm64.runtime.native.System.IO.Ports": {
        "type": "Transitive",
        "resolved": "10.0.11",
        "contentHash": "BwIgA8GupgMtWmjKMTjSR91Mp+msWPJxHIXoKJdPD/+xcp3s0yJNmYeVgLd/6x25ipULyiBfpqsxYeKirOuTcA=="
      },
      "runtime.linux-bionic-x64.runtime.native.System.IO.Ports": {
        "type": "Transitive",
        "resolved": "10.0.11",
        "contentHash": "gxMiB17KzKFH3jRGEeojEEJxbemEvkW9BruuLtF4DlEBgdDAvW+cUN0rIHLtj8yf5H4+vVvY6WiVb8EbTlDvWA=="
      },
      "runtime.linux-musl-arm.runtime.native.System.IO.Ports": {
        "type": "Transitive",
        "resolved": "10.0.11",
        "contentHash": "dqYz32Eb3HnDMgvv+OJz9GLi0d3qqEfkuQnEa43lg3aNmlYmXXWI9SvX0Tvqigd7GRaxWyKX7uEZfxvudO16Dg=="
      },
      "runtime.linux-musl-arm64.runtime.native.System.IO.Ports": {
        "type": "Transitive",
        "resolved": "10.0.11",
        "contentHash": "ZiOHYuPdEd7WFICA7U+0KWJmRETWeT/nHg6D5NagHmS3Poe7stluLQ9W/M/Svzz/m7cyFlL7e/d66hpgnG82Ww=="
      },
      "runtime.linux-musl-x64.runtime.native.System.IO.Ports": {
        "type": "Transitive",
        "resolved": "10.0.11",
        "contentHash": "qeTTy+SXea0z+hgXFkIiI9j9ikfVV8gxYDXKdmsl/X0S9tnk5gciAPQNxfoWfvzQYYrD7rl739JIt+I8z2pAxg=="
      },
      "runtime.linux-x64.runtime.native.System.IO.Ports": {
        "type": "Transitive",
        "resolved": "10.0.11",
        "contentHash": "s1FFe7n+ff5XV8SnLcmvW6W/9GsKm/TKkdkSh5ZmCPlry87xyDvGULjv/gIxlcIY5fpUB86nXIQ6EJp4WnL71g=="
      },
      "runtime.maccatalyst-arm64.runtime.native.System.IO.Ports": {
        "type": "Transitive",
        "resolved": "10.0.11",
        "contentHash": "7Mvev9kKh140KpgoZcmNxzk+1+TohKxLM1dyfjQcM8zUrJDAQenG5w0AGXa52z7Hk+5pS8c75s4s0GdU1Qv0lQ=="
      },
      "runtime.maccatalyst-x64.runtime.native.System.IO.Ports": {
        "type": "Transitive",
        "resolved": "10.0.11",
        "contentHash": "8qiWZ3aI5ugu4MouuEDu/vtS8stQEvG/Mf/ImoFSa/TcF11Hz54Ij1931VJnlvgpUB8BV8WFc928xqYah2wglw=="
      },
      "runtime.native.System.IO.Ports": {
        "type": "Transitive",
        "resolved": "10.0.11",
        "contentHash": "O7kVZRLIKBmkf+VRq/5tXgaeDQLuEiItxEdccCLtIW2eQFyH+uHAgW5Jet5idVr2FzIE4J9fj9s9DZSwnaqAhg==",
        "dependencies": {
          "runtime.android-arm.runtime.native.System.IO.Ports": "10.0.11",
          "runtime.android-arm64.runtime.native.System.IO.Ports": "10.0.11",
          "runtime.android-x64.runtime.native.System.IO.Ports": "10.0.11",
          "runtime.android-x86.runtime.native.System.IO.Ports": "10.0.11",
          "runtime.linux-arm.runtime.native.System.IO.Ports": "10.0.11",
          "runtime.linux-arm64.runtime.native.System.IO.Ports": "10.0.11",
          "runtime.linux-bionic-arm64.runtime.native.System.IO.Ports": "10.0.11",
          "runtime.linux-bionic-x64.runtime.native.System.IO.Ports": "10.0.11",
          "runtime.linux-musl-arm.runtime.native.System.IO.Ports": "10.0.11",
          "runtime.linux-musl-arm64.runtime.native.System.IO.Ports": "10.0.11",
          "runtime.linux-musl-x64.runtime.native.System.IO.Ports": "10.0.11",
          "runtime.linux-x64.runtime.native.System.IO.Ports": "10.0.11",
          "runtime.maccatalyst-arm64.runtime.native.System.IO.Ports": "10.0.11",
          "runtime.maccatalyst-x64.runtime.native.System.IO.Ports": "10.0.11",
          "runtime.osx-arm64.runtime.native.System.IO.Ports": "10.0.11",
          "runtime.osx-x64.runtime.native.System.IO.Ports": "10.0.11"
        }
      },
      "runtime.osx-arm64.runtime.native.System.IO.Ports": {
        "type": "Transitive",
        "resolved": "10.0.11",
        "contentHash": "XI/fS9+og9UOwFhHnQFf10NQaM26yOlaNjTVBc0I6KG4xMfw0TR4/PUacSiKnn5agfAQ74zh7T7ZogdWmsOCSg=="
      },
      "runtime.osx-x64.runtime.native.System.IO.Ports": {
        "type": "Transitive",
        "resolved": "10.0.11",
        "contentHash": "BCn5TG2WdJADWTdW6N/OluNWRb/kw63AnMU5wKV0rludx8uewlZQ9AHoEbxL6lQ2W9zNn1RX06A5ZoAZiq4Znw=="
      },
      "System.Diagnostics.EventLog": {
        "type": "Transitive",
        "resolved": "10.0.11",
        "contentHash": "QTXEoQBzz00SFWbo7nAg1Ogd4f99lwqcO9uAJ7MYSLEUR28f6As32QktrqG2Fr9cfAfd1GjLyGYspE7Ipj7P6w=="
      },
      "System.IO.Ports": {
        "type": "Transitive",
        "resolved": "10.0.11",
        "contentHash": "92gu68qcsZXcHhSyGxNdoVoDKxn9nV240k3jdq5b/vAzTt0QsFFE+bCmLKQ5p1XhAgelE5v+VaQEaAFH/JvZSA==",
        "dependencies": {
          "runtime.native.System.IO.Ports": "10.0.11"
        }
      },
      "System.Security.Cryptography.ProtectedData": {
        "type": "Transitive",
        "resolved": "10.0.11",
        "contentHash": "PNoxCTPb+Tlux+GJyq4c89ddYdpioVSqfGx8pqOF6shCSKwUNNctXhQtRkCICjbJmGrJJsW8NY52kVYO/b8mlQ=="
      },
      "zvt2sumup.core": {
        "type": "Project"
      },
      "zvt2sumup.infrastructure": {
        "type": "Project",
        "dependencies": {
          "Microsoft.Extensions.Http": "[10.0.11, )",
          "Microsoft.Extensions.Logging.Abstractions": "[10.0.11, )",
          "System.IO.Ports": "[10.0.11, )",
          "System.Security.Cryptography.ProtectedData": "[10.0.11, )",
          "Zvt2SumUp.Core": "[1.0.0, )",
          "Zvt2SumUp.Protocol": "[1.0.0, )",
          "Zvt2SumUp.SumUp": "[1.0.0, )"
        }
      },
      "zvt2sumup.protocol": {
        "type": "Project"
      },
      "zvt2sumup.sumup": {
        "type": "Project",
        "dependencies": {
          "Microsoft.Extensions.Logging.Abstractions": "[10.0.11, )",
          "Zvt2SumUp.Core": "[1.0.0, )"
        }
      }
    },
    "net10.0-windows7.0/win-x64": {
      "System.ServiceProcess.ServiceController": {
        "type": "Direct",
        "requested": "[10.0.11, )",
        "resolved": "10.0.11",
        "contentHash": "khROyIQ3GAZy5MbCabfmlbvxf9nuvdveFP2XbRCteZ9Lq8OFEvImmrjV6acl1LegRu/9T6VMxi9Lr+KZu29VHg==",
        "dependencies": {
          "System.Diagnostics.EventLog": "10.0.11"
        }
      },
      "runtime.android-arm.runtime.native.System.IO.Ports": {
        "type": "Transitive",
        "resolved": "10.0.11",
        "contentHash": "6V3MEIBgMbF/kwIkY1ibNZB/9E/PN5289IZGdVYJfgMvuQt43YLHFz4i4PBZZ8Jp0/Pii14cyUU88avLfEYLvw=="
      },
      "runtime.android-arm64.runtime.native.System.IO.Ports": {
        "type": "Transitive",
        "resolved": "10.0.11",
        "contentHash": "mxz0iV8Vzq/ljCsphMngnoC4tue88i433b5meMihkVdFY8eytNBbubkZLNipCvhNgLFSq1FJ/5gn4VZ3uHOIBA=="
      },
      "runtime.android-x64.runtime.native.System.IO.Ports": {
        "type": "Transitive",
        "resolved": "10.0.11",
        "contentHash": "cH7lMdDHZ2/oZC2vDZuCALZkpPz0iLcW0smMngk1fkT6f4yZf916xa0ajMefSFYwpbRVMZi2JK3SRU/jY+Wd6w=="
      },
      "runtime.android-x86.runtime.native.System.IO.Ports": {
        "type": "Transitive",
        "resolved": "10.0.11",
        "contentHash": "7WDZu2EC63A+/z+HCnRET/6vFjTg4UVWvX4BaTd7fdrVuTMZcpPf4SdNfsI3wbY+zSweJ+CbWkeC9yq2WXlQug=="
      },
      "runtime.linux-arm.runtime.native.System.IO.Ports": {
        "type": "Transitive",
        "resolved": "10.0.11",
        "contentHash": "sf18XX+0LXVZ4iS6YGOGVVFx8tUzXVLZGFcSjGvQWZNgVyQUwqJigNrULJ0mEn5mrF8FdPpvvsQoQ2oZ0GeNYw=="
      },
      "runtime.linux-arm64.runtime.native.System.IO.Ports": {
        "type": "Transitive",
        "resolved": "10.0.11",
        "contentHash": "YPdZrWEiyI5B9WpWJpy/aFueieCn19956AebWnvY8qmVbmrddgdIag7MYk3jxlUqFfzDbPGD4Bwxn3nPNj1PMA=="
      },
      "runtime.linux-bionic-arm64.runtime.native.System.IO.Ports": {
        "type": "Transitive",
        "resolved": "10.0.11",
        "contentHash": "BwIgA8GupgMtWmjKMTjSR91Mp+msWPJxHIXoKJdPD/+xcp3s0yJNmYeVgLd/6x25ipULyiBfpqsxYeKirOuTcA=="
      },
      "runtime.linux-bionic-x64.runtime.native.System.IO.Ports": {
        "type": "Transitive",
        "resolved": "10.0.11",
        "contentHash": "gxMiB17KzKFH3jRGEeojEEJxbemEvkW9BruuLtF4DlEBgdDAvW+cUN0rIHLtj8yf5H4+vVvY6WiVb8EbTlDvWA=="
      },
      "runtime.linux-musl-arm.runtime.native.System.IO.Ports": {
        "type": "Transitive",
        "resolved": "10.0.11",
        "contentHash": "dqYz32Eb3HnDMgvv+OJz9GLi0d3qqEfkuQnEa43lg3aNmlYmXXWI9SvX0Tvqigd7GRaxWyKX7uEZfxvudO16Dg=="
      },
      "runtime.linux-musl-arm64.runtime.native.System.IO.Ports": {
        "type": "Transitive",
        "resolved": "10.0.11",
        "contentHash": "ZiOHYuPdEd7WFICA7U+0KWJmRETWeT/nHg6D5NagHmS3Poe7stluLQ9W/M/Svzz/m7cyFlL7e/d66hpgnG82Ww=="
      },
      "runtime.linux-musl-x64.runtime.native.System.IO.Ports": {
        "type": "Transitive",
        "resolved": "10.0.11",
        "contentHash": "qeTTy+SXea0z+hgXFkIiI9j9ikfVV8gxYDXKdmsl/X0S9tnk5gciAPQNxfoWfvzQYYrD7rl739JIt+I8z2pAxg=="
      },
      "runtime.linux-x64.runtime.native.System.IO.Ports": {
        "type": "Transitive",
        "resolved": "10.0.11",
        "contentHash": "s1FFe7n+ff5XV8SnLcmvW6W/9GsKm/TKkdkSh5ZmCPlry87xyDvGULjv/gIxlcIY5fpUB86nXIQ6EJp4WnL71g=="
      },
      "runtime.maccatalyst-arm64.runtime.native.System.IO.Ports": {
        "type": "Transitive",
        "resolved": "10.0.11",
        "contentHash": "7Mvev9kKh140KpgoZcmNxzk+1+TohKxLM1dyfjQcM8zUrJDAQenG5w0AGXa52z7Hk+5pS8c75s4s0GdU1Qv0lQ=="
      },
      "runtime.maccatalyst-x64.runtime.native.System.IO.Ports": {
        "type": "Transitive",
        "resolved": "10.0.11",
        "contentHash": "8qiWZ3aI5ugu4MouuEDu/vtS8stQEvG/Mf/ImoFSa/TcF11Hz54Ij1931VJnlvgpUB8BV8WFc928xqYah2wglw=="
      },
      "runtime.osx-arm64.runtime.native.System.IO.Ports": {
        "type": "Transitive",
        "resolved": "10.0.11",
        "contentHash": "XI/fS9+og9UOwFhHnQFf10NQaM26yOlaNjTVBc0I6KG4xMfw0TR4/PUacSiKnn5agfAQ74zh7T7ZogdWmsOCSg=="
      },
      "runtime.osx-x64.runtime.native.System.IO.Ports": {
        "type": "Transitive",
        "resolved": "10.0.11",
        "contentHash": "BCn5TG2WdJADWTdW6N/OluNWRb/kw63AnMU5wKV0rludx8uewlZQ9AHoEbxL6lQ2W9zNn1RX06A5ZoAZiq4Znw=="
      },
      "System.Diagnostics.EventLog": {
        "type": "Transitive",
        "resolved": "10.0.11",
        "contentHash": "QTXEoQBzz00SFWbo7nAg1Ogd4f99lwqcO9uAJ7MYSLEUR28f6As32QktrqG2Fr9cfAfd1GjLyGYspE7Ipj7P6w=="
      },
      "System.IO.Ports": {
        "type": "Transitive",
        "resolved": "10.0.11",
        "contentHash": "92gu68qcsZXcHhSyGxNdoVoDKxn9nV240k3jdq5b/vAzTt0QsFFE+bCmLKQ5p1XhAgelE5v+VaQEaAFH/JvZSA==",
        "dependencies": {
          "runtime.native.System.IO.Ports": "10.0.11"
        }
      }
    }
  }
}